{
    "_meta": {
        "hash": {
            "sha256": "044c27e8d9e25533c824a8b02c864fa16b1d41414f3030675d00ef884809ea0c"
        },
        "host-environment-markers": {
            "implementation_name": "cpython",
            "implementation_version": "3.6.3",
            "os_name": "posix",
            "platform_machine": "x86_64",
            "platform_python_implementation": "CPython",
            "platform_release": "4.13.0-30-generic",
            "platform_system": "Linux",
            "platform_version": "#33-Ubuntu SMP Mon Jan 15 19:45:48 UTC 2018",
            "python_full_version": "3.6.3",
            "python_version": "3.6",
            "sys_platform": "linux"
        },
        "pipfile-spec": 6,
        "requires": {
            "python_version": "3.6"
        },
        "sources": [
            {
                "name": "pypi",
                "url": "https://pypi.python.org/simple",
                "verify_ssl": true
            }
        ]
    },
    "default": {
        "absl-py": {
            "hashes": [],
            "version": "==0.1.9"
        },
        "bleach": {
            "hashes": [],
            "version": "==1.5.0"
        },
        "certifi": {
            "hashes": [],
            "version": "==2018.1.18"
        },
        "chardet": {
            "hashes": [],
            "version": "==3.0.4"
        },
        "cycler": {
            "hashes": [],
            "version": "==0.10.0"
        },
        "cython": {
            "hashes": [],
            "version": "==0.27.3"
        },
        "decorator": {
            "hashes": [],
            "version": "==4.2.1"
        },
        "entrypoints": {
            "hashes": [],
            "version": "==0.2.3"
        },
        "futures": {
            "hashes": [],
            "version": "==3.1.1"
        },
        "h5py": {
            "hashes": [],
            "version": "==2.7.1"
        },
        "html5lib": {
            "hashes": [],
            "version": "==0.9999999"
        },
        "idna": {
            "hashes": [],
            "version": "==2.6"
        },
        "ipykernel": {
            "hashes": [],
            "version": "==4.8.0"
        },
        "ipython": {
            "hashes": [],
            "markers": "python_version >= '3.3'",
            "version": "==6.2.1"
        },
        "ipython-genutils": {
            "hashes": [],
            "version": "==0.2.0"
        },
        "ipywidgets": {
            "hashes": [],
            "version": "==7.1.1"
        },
        "jedi": {
            "hashes": [],
            "version": "==0.11.1"
        },
        "jinja2": {
            "hashes": [],
            "version": "==2.10"
        },
        "joblib": {
            "hashes": [],
            "version": "==0.11"
        },
        "jsonschema": {
            "hashes": [],
            "version": "==2.6.0"
        },
        "jupyter": {
            "hashes": [],
            "version": "==1.0.0"
        },
        "jupyter-client": {
            "hashes": [],
            "version": "==5.2.2"
        },
        "jupyter-console": {
            "hashes": [],
            "version": "==5.2.0"
        },
        "jupyter-core": {
            "hashes": [],
            "version": "==4.4.0"
        },
        "jupyter-tensorboard": {
            "hashes": [],
            "version": "==0.1.4"
        },
        "keras": {
            "hashes": [],
            "version": "==2.1.3"
        },
        "llvmlite": {
            "hashes": [],
            "version": "==0.21.0"
        },
        "markdown": {
            "hashes": [],
            "version": "==2.6.11"
        },
        "markupsafe": {
            "hashes": [],
            "version": "==1.0"
        },
        "matplotlib": {
            "hashes": [],
            "version": "==2.1.2"
        },
        "mistune": {
            "hashes": [],
            "version": "==0.8.3"
        },
        "nbconvert": {
            "hashes": [],
            "version": "==5.3.1"
        },
        "nbformat": {
            "hashes": [],
            "version": "==4.4.0"
        },
        "networkx": {
            "hashes": [],
            "version": "==2.1"
        },
        "notebook": {
            "hashes": [],
            "version": "==5.4.0"
        },
        "numba": {
            "hashes": [],
            "version": "==0.36.2"
        },
        "numpy": {
            "hashes": [],
            "version": "==1.14.0"
        },
        "pandas": {
            "hashes": [],
            "version": "==0.22.0"
        },
        "pandocfilters": {
            "hashes": [],
            "version": "==1.4.2"
        },
        "parso": {
            "hashes": [],
            "version": "==0.1.1"
        },
        "patsy": {
            "hashes": [],
            "version": "==0.5.0"
        },
        "pexpect": {
            "hashes": [],
            "markers": "sys_platform != 'win32'",
            "version": "==4.3.1"
        },
        "pickleshare": {
            "hashes": [],
            "version": "==0.7.4"
        },
        "pillow": {
            "hashes": [],
            "version": "==5.0.0"
        },
        "prompt-toolkit": {
            "hashes": [],
            "version": "==1.0.15"
        },
        "protobuf": {
            "hashes": [],
            "version": "==3.5.1"
        },
        "ptyprocess": {
            "hashes": [],
            "markers": "os_name != 'nt'",
            "version": "==0.5.2"
        },
        "pygments": {
            "hashes": [],
            "version": "==2.2.0"
        },
        "pymc3": {
            "hashes": [],
            "version": "==3.3"
        },
        "pyparsing": {
            "hashes": [],
            "version": "==2.2.0"
        },
        "python-dateutil": {
            "hashes": [],
            "version": "==2.6.1"
        },
        "pytz": {
            "hashes": [],
            "version": "==2017.3"
        },
        "pywavelets": {
            "hashes": [],
            "version": "==0.5.2"
        },
        "pyyaml": {
            "hashes": [],
            "version": "==3.12"
        },
        "pyzmq": {
            "hashes": [],
            "version": "==16.0.4"
        },
        "qtconsole": {
            "hashes": [],
            "version": "==4.3.1"
        },
        "requests": {
            "hashes": [],
            "version": "==2.18.4"
        },
        "scikit-image": {
            "hashes": [],
            "version": "==0.13.1"
        },
        "scikit-learn": {
            "hashes": [],
            "version": "==0.19.1"
        },
        "scipy": {
            "hashes": [],
            "version": "==1.0.0"
        },
        "seaborn": {
            "hashes": [],
            "version": "==0.8.1"
        },
        "send2trash": {
            "hashes": [],
            "version": "==1.4.2"
        },
        "simplegeneric": {
            "hashes": [],
            "version": "==0.8.1"
        },
        "six": {
            "hashes": [],
            "version": "==1.11.0"
        },
        "tensorflow": {
            "hashes": [],
            "version": "==1.5.0"
        },
        "tensorflow-tensorboard": {
            "hashes": [],
            "version": "==1.5.0"
        },
        "terminado": {
            "hashes": [],
            "version": "==0.8.1"
        },
        "testpath": {
            "hashes": [],
            "version": "==0.3.1"
        },
        "theano": {
            "hashes": [],
            "version": "==1.0.1"
        },
        "tornado": {
            "hashes": [],
            "version": "==4.5.3"
        },
        "tqdm": {
            "hashes": [],
            "version": "==4.19.5"
        },
        "traitlets": {
            "hashes": [],
            "version": "==4.3.2"
        },
        "urllib3": {
            "hashes": [],
            "version": "==1.22"
        },
        "wcwidth": {
            "hashes": [],
            "version": "==0.1.7"
        },
        "werkzeug": {
            "hashes": [],
            "version": "==0.14.1"
        },
        "wheel": {
            "hashes": [],
            "version": "==0.30.0"
        },
        "widgetsnbextension": {
            "hashes": [],
            "version": "==3.1.3"
        }
    },
    "develop": {}
}
